
Microsoft Visual Studio Solution File, Format Version 12.00
# Visual Studio Version 17
VisualStudioVersion = 17.14.36616.10 d17.14
MinimumVisualStudioVersion = 10.0.40219.1
Project("{FAE04EC0-301F-11D3-BF4B-00C04F79EFBC}") = "TaskFlow", "TaskFlow.csproj", "{B07D3FE3-B943-4892-9970-22350E7CF35A}"
EndProject
Global
	GlobalSection(SolutionConfigurationPlatforms) = preSolution
		Debug|Any CPU = Debug|Any CPU
		Release|Any CPU = Release|Any CPU
	EndGlobalSection
	GlobalSection(ProjectConfigurationPlatforms) = postSolution
		{B07D3FE3-B943-4892-9970-22350E7CF35A}.Debug|Any CPU.ActiveCfg = Debug|Any CPU
		{B07D3FE3-B943-4892-9970-22350E7CF35A}.Debug|Any CPU.Build.0 = Debug|Any CPU
		{B07D3FE3-B943-4892-9970-22350E7CF35A}.Release|Any CPU.ActiveCfg = Release|Any CPU
		{B07D3FE3-B943-4892-9970-22350E7CF35A}.Release|Any CPU.Build.0 = Release|Any CPU
	EndGlobalSection
	GlobalSection(SolutionProperties) = preSolution
		HideSolutionNode = FALSE
	EndGlobalSection
	GlobalSection(ExtensibilityGlobals) = postSolution
		SolutionGuid = {220A2BBF-6A2C-48CE-BE75-0495FE7183AB}
	EndGlobalSection
EndGlobal
